
Microsoft Visual Studio Solution File, Format Version 12.00
# Visual Studio Version 17
VisualStudioVersion = 17.14.36203.30 d17.14
MinimumVisualStudioVersion = 10.0.40219.1
Project("{FAE04EC0-301F-11D3-BF4B-00C04F79EFBC}") = "AppareoFlightVideoPlayer", "AppareoFlightVideoPlayer.csproj", "{1E133F49-3D91-4250-9A48-9BF17A61E7E7}"
EndProject
Global
	GlobalSection(SolutionConfigurationPlatforms) = preSolution
		Debug|Any CPU = Debug|Any CPU
		Release|Any CPU = Release|Any CPU
	EndGlobalSection
	GlobalSection(ProjectConfigurationPlatforms) = postSolution
		{1E133F49-3D91-4250-9A48-9BF17A61E7E7}.Debug|Any CPU.ActiveCfg = Debug|Any CPU
		{1E133F49-3D91-4250-9A48-9BF17A61E7E7}.Debug|Any CPU.Build.0 = Debug|Any CPU
		{1E133F49-3D91-4250-9A48-9BF17A61E7E7}.Release|Any CPU.ActiveCfg = Release|Any CPU
		{1E133F49-3D91-4250-9A48-9BF17A61E7E7}.Release|Any CPU.Build.0 = Release|Any CPU
	EndGlobalSection
	GlobalSection(SolutionProperties) = preSolution
		HideSolutionNode = FALSE
	EndGlobalSection
	GlobalSection(ExtensibilityGlobals) = postSolution
		SolutionGuid = {B7D2881C-2D39-4A54-B1C4-37EA75F0323A}
	EndGlobalSection
EndGlobal
